
Microsoft Visual Studio Solution File, Format Version 12.00
# Visual Studio Version 16
VisualStudioVersion = 16.0.31402.337
MinimumVisualStudioVersion = 10.0.40219.1
Project("{FAE04EC0-301F-11D3-BF4B-00C04F79EFBC}") = "Evidance_02", "Evidance_02\Evidance_02.csproj", "{A80E651D-8950-49B2-8545-CF89A13C763F}"
EndProject
Project("{FAE04EC0-301F-11D3-BF4B-00C04F79EFBC}") = "Evidance_01", "Evidance_01\Evidance_01.csproj", "{DA678CC5-1225-4DB1-A417-DF29A1A27693}"
EndProject
Project("{FAE04EC0-301F-11D3-BF4B-00C04F79EFBC}") = "Evidance_03", "Evidance_03\Evidance_03.csproj", "{69C64C3C-969F-4E44-AF83-D3EB1CF77E5B}"
EndProject
Global
	GlobalSection(SolutionConfigurationPlatforms) = preSolution
		Debug|Any CPU = Debug|Any CPU
		Release|Any CPU = Release|Any CPU
	EndGlobalSection
	GlobalSection(ProjectConfigurationPlatforms) = postSolution
		{A80E651D-8950-49B2-8545-CF89A13C763F}.Debug|Any CPU.ActiveCfg = Debug|Any CPU
		{A80E651D-8950-49B2-8545-CF89A13C763F}.Debug|Any CPU.Build.0 = Debug|Any CPU
		{A80E651D-8950-49B2-8545-CF89A13C763F}.Release|Any CPU.ActiveCfg = Release|Any CPU
		{A80E651D-8950-49B2-8545-CF89A13C763F}.Release|Any CPU.Build.0 = Release|Any CPU
		{DA678CC5-1225-4DB1-A417-DF29A1A27693}.Debug|Any CPU.ActiveCfg = Debug|Any CPU
		{DA678CC5-1225-4DB1-A417-DF29A1A27693}.Debug|Any CPU.Build.0 = Debug|Any CPU
		{DA678CC5-1225-4DB1-A417-DF29A1A27693}.Release|Any CPU.ActiveCfg = Release|Any CPU
		{DA678CC5-1225-4DB1-A417-DF29A1A27693}.Release|Any CPU.Build.0 = Release|Any CPU
		{69C64C3C-969F-4E44-AF83-D3EB1CF77E5B}.Debug|Any CPU.ActiveCfg = Debug|Any CPU
		{69C64C3C-969F-4E44-AF83-D3EB1CF77E5B}.Debug|Any CPU.Build.0 = Debug|Any CPU
		{69C64C3C-969F-4E44-AF83-D3EB1CF77E5B}.Release|Any CPU.ActiveCfg = Release|Any CPU
		{69C64C3C-969F-4E44-AF83-D3EB1CF77E5B}.Release|Any CPU.Build.0 = Release|Any CPU
	EndGlobalSection
	GlobalSection(SolutionProperties) = preSolution
		HideSolutionNode = FALSE
	EndGlobalSection
	GlobalSection(ExtensibilityGlobals) = postSolution
		SolutionGuid = {62CFAA41-3DE5-4AD0-B072-1FEC1ECB44CC}
	EndGlobalSection
EndGlobal
